
Microsoft Visual Studio Solution File, Format Version 12.00
# Visual Studio 15
VisualStudioVersion = 15.0.26228.12
MinimumVisualStudioVersion = 10.0.40219.1
Project("{FAE04EC0-301F-11D3-BF4B-00C04F79EFBC}") = "SearchAlgorithmsLib", "SearchAlgorithmsLib\SearchAlgorithmsLib.csproj", "{3B7A8D18-C898-4F4D-8931-AFD018815285}"
EndProject
Project("{FAE04EC0-301F-11D3-BF4B-00C04F79EFBC}") = "ObjectAdapter", "ObjectAdapter\ObjectAdapter.csproj", "{A2F67D12-8CD4-4E70-81F1-B361B05C2734}"
EndProject
Project("{FAE04EC0-301F-11D3-BF4B-00C04F79EFBC}") = "ClientSide", "ClientSide\ClientSide.csproj", "{1BCA8B8E-E619-4A66-8819-436532A0C3D8}"
EndProject
Project("{FAE04EC0-301F-11D3-BF4B-00C04F79EFBC}") = "ServerSide", "ServerSide\ServerSide.csproj", "{EABE1A2F-1307-4173-B9A7-1413FF0E7F3A}"
EndProject
Project("{FAE04EC0-301F-11D3-BF4B-00C04F79EFBC}") = "DummyProject", "DummyProject\DummyProject.csproj", "{4CB97BDC-5E6E-4E58-9385-4A8C69E5F66A}"
EndProject
Global
	GlobalSection(SolutionConfigurationPlatforms) = preSolution
		Debug|Any CPU = Debug|Any CPU
		Release|Any CPU = Release|Any CPU
	EndGlobalSection
	GlobalSection(ProjectConfigurationPlatforms) = postSolution
		{3B7A8D18-C898-4F4D-8931-AFD018815285}.Debug|Any CPU.ActiveCfg = Debug|Any CPU
		{3B7A8D18-C898-4F4D-8931-AFD018815285}.Debug|Any CPU.Build.0 = Debug|Any CPU
		{3B7A8D18-C898-4F4D-8931-AFD018815285}.Release|Any CPU.ActiveCfg = Release|Any CPU
		{3B7A8D18-C898-4F4D-8931-AFD018815285}.Release|Any CPU.Build.0 = Release|Any CPU
		{A2F67D12-8CD4-4E70-81F1-B361B05C2734}.Debug|Any CPU.ActiveCfg = Debug|Any CPU
		{A2F67D12-8CD4-4E70-81F1-B361B05C2734}.Debug|Any CPU.Build.0 = Debug|Any CPU
		{A2F67D12-8CD4-4E70-81F1-B361B05C2734}.Release|Any CPU.ActiveCfg = Release|Any CPU
		{A2F67D12-8CD4-4E70-81F1-B361B05C2734}.Release|Any CPU.Build.0 = Release|Any CPU
		{1BCA8B8E-E619-4A66-8819-436532A0C3D8}.Debug|Any CPU.ActiveCfg = Debug|Any CPU
		{1BCA8B8E-E619-4A66-8819-436532A0C3D8}.Debug|Any CPU.Build.0 = Debug|Any CPU
		{1BCA8B8E-E619-4A66-8819-436532A0C3D8}.Release|Any CPU.ActiveCfg = Release|Any CPU
		{1BCA8B8E-E619-4A66-8819-436532A0C3D8}.Release|Any CPU.Build.0 = Release|Any CPU
		{EABE1A2F-1307-4173-B9A7-1413FF0E7F3A}.Debug|Any CPU.ActiveCfg = Debug|Any CPU
		{EABE1A2F-1307-4173-B9A7-1413FF0E7F3A}.Debug|Any CPU.Build.0 = Debug|Any CPU
		{EABE1A2F-1307-4173-B9A7-1413FF0E7F3A}.Release|Any CPU.ActiveCfg = Release|Any CPU
		{EABE1A2F-1307-4173-B9A7-1413FF0E7F3A}.Release|Any CPU.Build.0 = Release|Any CPU
		{4CB97BDC-5E6E-4E58-9385-4A8C69E5F66A}.Debug|Any CPU.ActiveCfg = Debug|Any CPU
		{4CB97BDC-5E6E-4E58-9385-4A8C69E5F66A}.Debug|Any CPU.Build.0 = Debug|Any CPU
		{4CB97BDC-5E6E-4E58-9385-4A8C69E5F66A}.Release|Any CPU.ActiveCfg = Release|Any CPU
		{4CB97BDC-5E6E-4E58-9385-4A8C69E5F66A}.Release|Any CPU.Build.0 = Release|Any CPU
	EndGlobalSection
	GlobalSection(SolutionProperties) = preSolution
		HideSolutionNode = FALSE
	EndGlobalSection
EndGlobal
